
Microsoft Visual Studio Solution File, Format Version 12.00
# Visual Studio Version 16
VisualStudioVersion = 16.0.30204.135
MinimumVisualStudioVersion = 10.0.40219.1
Project("{9A19103F-16F7-4668-BE54-9A1E7A4F7556}") = "TAPLibrary", "TAPLibrary\TAPLibrary.csproj", "{6C642397-0BEE-4E67-974A-962ED9125793}"
EndProject
Project("{FAE04EC0-301F-11D3-BF4B-00C04F79EFBC}") = "TAPLibraryTest", "TAPLibraryTest\TAPLibraryTest.csproj", "{E54BE5E0-D648-4EE2-95D1-A7F874807FD6}"
EndProject
Global
	GlobalSection(SolutionConfigurationPlatforms) = preSolution
		Debug|Any CPU = Debug|Any CPU
		Release|Any CPU = Release|Any CPU
	EndGlobalSection
	GlobalSection(ProjectConfigurationPlatforms) = postSolution
		{6C642397-0BEE-4E67-974A-962ED9125793}.Debug|Any CPU.ActiveCfg = Debug|Any CPU
		{6C642397-0BEE-4E67-974A-962ED9125793}.Debug|Any CPU.Build.0 = Debug|Any CPU
		{6C642397-0BEE-4E67-974A-962ED9125793}.Release|Any CPU.ActiveCfg = Release|Any CPU
		{6C642397-0BEE-4E67-974A-962ED9125793}.Release|Any CPU.Build.0 = Release|Any CPU
		{E54BE5E0-D648-4EE2-95D1-A7F874807FD6}.Debug|Any CPU.ActiveCfg = Debug|Any CPU
		{E54BE5E0-D648-4EE2-95D1-A7F874807FD6}.Debug|Any CPU.Build.0 = Debug|Any CPU
		{E54BE5E0-D648-4EE2-95D1-A7F874807FD6}.Release|Any CPU.ActiveCfg = Release|Any CPU
		{E54BE5E0-D648-4EE2-95D1-A7F874807FD6}.Release|Any CPU.Build.0 = Release|Any CPU
	EndGlobalSection
	GlobalSection(SolutionProperties) = preSolution
		HideSolutionNode = FALSE
	EndGlobalSection
	GlobalSection(ExtensibilityGlobals) = postSolution
		SolutionGuid = {5DA0FF89-D20F-4090-ADF8-287F0781B3CE}
	EndGlobalSection
EndGlobal
